{
  "name": "projekt-bojler-backend",
  "version": "1.0.0",
  "lockfileVersion": 3,
  "requires": true,
  "packages": {
    "": {
      "name": "projekt-bojler-backend",
      "version": "1.0.0",
      "dependencies": {
        "projekt-bojler": "file:.."
      }
    },
    "..": {
      "devDependencies": {
        "autoprefixer": "^10.4.27",
        "postcss": "^8.5.8",
        "tailwindcss": "^4.2.2"
      }
    },
    "node_modules/projekt-bojler": {
      "resolved": "..",
      "link": true
    }
  }
}
